
Microsoft Visual Studio Solution File, Format Version 12.00
# Visual Studio Version 17
VisualStudioVersion = 17.3.32819.101
MinimumVisualStudioVersion = 10.0.40219.1
Project("{E24C65DC-7377-472B-9ABA-BC803B73C61A}") = "MiLeve", "http://localhost:54359", "{67704D21-9C49-4BD8-8140-B31C84C16710}"
	ProjectSection(WebsiteProperties) = preProject
		UseIISExpress = "true"
		TargetFrameworkMoniker = ".NETFramework,Version%3Dv4.8"
		Debug.AspNetCompiler.VirtualPath = "/localhost_54359"
		Debug.AspNetCompiler.PhysicalPath = "..\..\..\Documents\My Web Sites\MiLeve\"
		Debug.AspNetCompiler.TargetPath = "PrecompiledWeb\localhost_54359\"
		Debug.AspNetCompiler.Updateable = "true"
		Debug.AspNetCompiler.ForceOverwrite = "true"
		Debug.AspNetCompiler.FixedNames = "false"
		Debug.AspNetCompiler.Debug = "True"
		Release.AspNetCompiler.VirtualPath = "/localhost_54359"
		Release.AspNetCompiler.PhysicalPath = "..\..\..\Documents\My Web Sites\MiLeve\"
		Release.AspNetCompiler.TargetPath = "PrecompiledWeb\localhost_54359\"
		Release.AspNetCompiler.Updateable = "true"
		Release.AspNetCompiler.ForceOverwrite = "true"
		Release.AspNetCompiler.FixedNames = "false"
		Release.AspNetCompiler.Debug = "False"
		SlnRelativePath = "..\..\..\Documents\My Web Sites\MiLeve\"
	EndProjectSection
EndProject
Global
	GlobalSection(SolutionConfigurationPlatforms) = preSolution
		Debug|Any CPU = Debug|Any CPU
	EndGlobalSection
	GlobalSection(ProjectConfigurationPlatforms) = postSolution
		{67704D21-9C49-4BD8-8140-B31C84C16710}.Debug|Any CPU.ActiveCfg = Debug|Any CPU
		{67704D21-9C49-4BD8-8140-B31C84C16710}.Debug|Any CPU.Build.0 = Debug|Any CPU
	EndGlobalSection
	GlobalSection(SolutionProperties) = preSolution
		HideSolutionNode = FALSE
	EndGlobalSection
	GlobalSection(ExtensibilityGlobals) = postSolution
		SolutionGuid = {4625CD65-C2FE-4B59-B97C-F7AA08799032}
	EndGlobalSection
EndGlobal
